
Microsoft Visual Studio Solution File, Format Version 12.00
# Visual Studio Version 17
VisualStudioVersion = 17.4.33122.133
MinimumVisualStudioVersion = 10.0.40219.1
Project("{9A19103F-16F7-4668-BE54-9A1E7A4F7556}") = "MobileLiteStoreCeep", "MobileLiteStoreCeep\MobileLiteStoreCeep.csproj", "{6044E4D7-58E1-4C46-8841-4DE5682D8631}"
EndProject
Global
	GlobalSection(SolutionConfigurationPlatforms) = preSolution
		Debug|Any CPU = Debug|Any CPU
		Release|Any CPU = Release|Any CPU
	EndGlobalSection
	GlobalSection(ProjectConfigurationPlatforms) = postSolution
		{6044E4D7-58E1-4C46-8841-4DE5682D8631}.Debug|Any CPU.ActiveCfg = Debug|Any CPU
		{6044E4D7-58E1-4C46-8841-4DE5682D8631}.Debug|Any CPU.Build.0 = Debug|Any CPU
		{6044E4D7-58E1-4C46-8841-4DE5682D8631}.Debug|Any CPU.Deploy.0 = Debug|Any CPU
		{6044E4D7-58E1-4C46-8841-4DE5682D8631}.Release|Any CPU.ActiveCfg = Release|Any CPU
		{6044E4D7-58E1-4C46-8841-4DE5682D8631}.Release|Any CPU.Build.0 = Release|Any CPU
		{6044E4D7-58E1-4C46-8841-4DE5682D8631}.Release|Any CPU.Deploy.0 = Release|Any CPU
	EndGlobalSection
	GlobalSection(SolutionProperties) = preSolution
		HideSolutionNode = FALSE
	EndGlobalSection
	GlobalSection(ExtensibilityGlobals) = postSolution
		SolutionGuid = {2885EF90-AC57-417B-B66D-97D9D76D8F7C}
	EndGlobalSection
EndGlobal
